
Microsoft Visual Studio Solution File, Format Version 12.00
# Visual Studio Version 16
VisualStudioVersion = 16.0.32929.386
MinimumVisualStudioVersion = 10.0.40219.1
Project("{8BC9CEB8-8B4A-11D0-8D11-00A0C91BC942}") = "BeejsSandbox", "BeejsSandbox.vcxproj", "{951F620D-FCA3-4B8F-907D-C739A1CBA92F}"
EndProject
Global
	GlobalSection(SolutionConfigurationPlatforms) = preSolution
		Debug|x64 = Debug|x64
		Debug|x86 = Debug|x86
		Release|x64 = Release|x64
		Release|x86 = Release|x86
	EndGlobalSection
	GlobalSection(ProjectConfigurationPlatforms) = postSolution
		{951F620D-FCA3-4B8F-907D-C739A1CBA92F}.Debug|x64.ActiveCfg = Debug|x64
		{951F620D-FCA3-4B8F-907D-C739A1CBA92F}.Debug|x64.Build.0 = Debug|x64
		{951F620D-FCA3-4B8F-907D-C739A1CBA92F}.Debug|x86.ActiveCfg = Debug|Win32
		{951F620D-FCA3-4B8F-907D-C739A1CBA92F}.Debug|x86.Build.0 = Debug|Win32
		{951F620D-FCA3-4B8F-907D-C739A1CBA92F}.Release|x64.ActiveCfg = Release|x64
		{951F620D-FCA3-4B8F-907D-C739A1CBA92F}.Release|x64.Build.0 = Release|x64
		{951F620D-FCA3-4B8F-907D-C739A1CBA92F}.Release|x86.ActiveCfg = Release|Win32
		{951F620D-FCA3-4B8F-907D-C739A1CBA92F}.Release|x86.Build.0 = Release|Win32
	EndGlobalSection
	GlobalSection(SolutionProperties) = preSolution
		HideSolutionNode = FALSE
	EndGlobalSection
	GlobalSection(ExtensibilityGlobals) = postSolution
		SolutionGuid = {4D4DBFCF-FBA3-4E6A-872B-F44AFCA8C8CB}
	EndGlobalSection
EndGlobal
